{
  "version": 4,
  "terraform_version": "1.12.2",
  "serial": 11,
  "lineage": "f3f154b0-d604-d850-1153-a6baf93a9e37",
  "outputs": {},
  "resources": [
    {
      "module": "module.vpc",
      "mode": "managed",
      "type": "aws_internet_gateway",
      "name": "igw",
      "provider": "provider[\"registry.terraform.io/hashicorp/aws\"]",
      "instances": [
        {
          "schema_version": 0,
          "attributes": {
            "arn": "arn:aws:ec2:us-east-1:196900110832:internet-gateway/igw-0d54440e0d6402d18",
            "id": "igw-0d54440e0d6402d18",
            "owner_id": "196900110832",
            "region": "us-east-1",
            "tags": {
              "Name": "APCI-Jupiter-default-igw",
              "application": "Jupiter",
              "contact": "devops@apci.com",
              "creationTime": "2025-08-24T04:00:30Z",
              "environment": "default",
              "project": "APCI"
            },
            "tags_all": {
              "Name": "APCI-Jupiter-default-igw",
              "application": "Jupiter",
              "contact": "devops@apci.com",
              "creationTime": "2025-08-24T04:00:30Z",
              "environment": "default",
              "project": "APCI"
            },
            "timeouts": null,
            "vpc_id": "vpc-0ef418442ee48a832"
          },
          "sensitive_attributes": [],
          "identity_schema_version": 0,
          "private": "eyJlMmJmYjczMC1lY2FhLTExZTYtOGY4OC0zNDM2M2JjN2M0YzAiOnsiY3JlYXRlIjoxMjAwMDAwMDAwMDAwLCJkZWxldGUiOjEyMDAwMDAwMDAwMDAsInVwZGF0ZSI6MTIwMDAwMDAwMDAwMH19",
          "dependencies": [
            "module.vpc.aws_vpc.main_vpc"
          ]
        }
      ]
    },
    {
      "module": "module.vpc",
      "mode": "managed",
      "type": "aws_subnet",
      "name": "apci_jupiter_public_subnet_AZ_1a",
      "provider": "provider[\"registry.terraform.io/hashicorp/aws\"]",
      "instances": [
        {
          "schema_version": 1,
          "attributes": {
            "arn": "arn:aws:ec2:us-east-1:196900110832:subnet/subnet-06e22b6c09ecb5359",
            "assign_ipv6_address_on_creation": false,
            "availability_zone": "us-east-1a",
            "availability_zone_id": "use1-az2",
            "cidr_block": "10.0.0.0/24",
            "customer_owned_ipv4_pool": "",
            "enable_dns64": false,
            "enable_lni_at_device_index": 0,
            "enable_resource_name_dns_a_record_on_launch": false,
            "enable_resource_name_dns_aaaa_record_on_launch": false,
            "id": "subnet-06e22b6c09ecb5359",
            "ipv6_cidr_block": "",
            "ipv6_cidr_block_association_id": "",
            "ipv6_native": false,
            "map_customer_owned_ip_on_launch": false,
            "map_public_ip_on_launch": false,
            "outpost_arn": "",
            "owner_id": "196900110832",
            "private_dns_hostname_type_on_launch": "ip-name",
            "region": "us-east-1",
            "tags": {
              "Name": "APCI-Jupiter-default-public-subnet-az-1a",
              "application": "Jupiter",
              "contact": "devops@apci.com",
              "creationTime": "2025-08-24T04:00:30Z",
              "environment": "default",
              "project": "APCI"
            },
            "tags_all": {
              "Name": "APCI-Jupiter-default-public-subnet-az-1a",
              "application": "Jupiter",
              "contact": "devops@apci.com",
              "creationTime": "2025-08-24T04:00:30Z",
              "environment": "default",
              "project": "APCI"
            },
            "timeouts": null,
            "vpc_id": "vpc-0ef418442ee48a832"
          },
          "sensitive_attributes": [],
          "identity_schema_version": 0,
          "identity": {
            "account_id": "196900110832",
            "id": "subnet-06e22b6c09ecb5359",
            "region": "us-east-1"
          },
          "private": "eyJlMmJmYjczMC1lY2FhLTExZTYtOGY4OC0zNDM2M2JjN2M0YzAiOnsiY3JlYXRlIjo2MDAwMDAwMDAwMDAsImRlbGV0ZSI6MTIwMDAwMDAwMDAwMH0sInNjaGVtYV92ZXJzaW9uIjoiMSJ9",
          "dependencies": [
            "module.vpc.aws_vpc.main_vpc"
          ]
        }
      ]
    },
    {
      "module": "module.vpc",
      "mode": "managed",
      "type": "aws_subnet",
      "name": "apci_jupiter_public_subnet_AZ_1b",
      "provider": "provider[\"registry.terraform.io/hashicorp/aws\"]",
      "instances": [
        {
          "schema_version": 1,
          "attributes": {
            "arn": "arn:aws:ec2:us-east-1:196900110832:subnet/subnet-0123b756287b2d2fb",
            "assign_ipv6_address_on_creation": false,
            "availability_zone": "us-east-1b",
            "availability_zone_id": "use1-az4",
            "cidr_block": "10.0.1.0/24",
            "customer_owned_ipv4_pool": "",
            "enable_dns64": false,
            "enable_lni_at_device_index": 0,
            "enable_resource_name_dns_a_record_on_launch": false,
            "enable_resource_name_dns_aaaa_record_on_launch": false,
            "id": "subnet-0123b756287b2d2fb",
            "ipv6_cidr_block": "",
            "ipv6_cidr_block_association_id": "",
            "ipv6_native": false,
            "map_customer_owned_ip_on_launch": false,
            "map_public_ip_on_launch": false,
            "outpost_arn": "",
            "owner_id": "196900110832",
            "private_dns_hostname_type_on_launch": "ip-name",
            "region": "us-east-1",
            "tags": {
              "Name": "APCI-Jupiter-default-public-subnet-az-1b",
              "application": "Jupiter",
              "contact": "devops@apci.com",
              "creationTime": "2025-08-24T04:00:30Z",
              "environment": "default",
              "project": "APCI"
            },
            "tags_all": {
              "Name": "APCI-Jupiter-default-public-subnet-az-1b",
              "application": "Jupiter",
              "contact": "devops@apci.com",
              "creationTime": "2025-08-24T04:00:30Z",
              "environment": "default",
              "project": "APCI"
            },
            "timeouts": null,
            "vpc_id": "vpc-0ef418442ee48a832"
          },
          "sensitive_attributes": [],
          "identity_schema_version": 0,
          "identity": {
            "account_id": "196900110832",
            "id": "subnet-0123b756287b2d2fb",
            "region": "us-east-1"
          },
          "private": "eyJlMmJmYjczMC1lY2FhLTExZTYtOGY4OC0zNDM2M2JjN2M0YzAiOnsiY3JlYXRlIjo2MDAwMDAwMDAwMDAsImRlbGV0ZSI6MTIwMDAwMDAwMDAwMH0sInNjaGVtYV92ZXJzaW9uIjoiMSJ9",
          "dependencies": [
            "module.vpc.aws_vpc.main_vpc"
          ]
        }
      ]
    },
    {
      "module": "module.vpc",
      "mode": "managed",
      "type": "aws_vpc",
      "name": "main_vpc",
      "provider": "provider[\"registry.terraform.io/hashicorp/aws\"]",
      "instances": [
        {
          "schema_version": 1,
          "attributes": {
            "arn": "arn:aws:ec2:us-east-1:196900110832:vpc/vpc-0ef418442ee48a832",
            "assign_generated_ipv6_cidr_block": false,
            "cidr_block": "10.0.0.0/16",
            "default_network_acl_id": "acl-0ded6fb5fbaeb670a",
            "default_route_table_id": "rtb-0c555175e1ae52b5c",
            "default_security_group_id": "sg-0d7f303fb5673847a",
            "dhcp_options_id": "dopt-0a8676ab1e95cf7d4",
            "enable_dns_hostnames": false,
            "enable_dns_support": true,
            "enable_network_address_usage_metrics": false,
            "id": "vpc-0ef418442ee48a832",
            "instance_tenancy": "default",
            "ipv4_ipam_pool_id": null,
            "ipv4_netmask_length": null,
            "ipv6_association_id": "",
            "ipv6_cidr_block": "",
            "ipv6_cidr_block_network_border_group": "",
            "ipv6_ipam_pool_id": "",
            "ipv6_netmask_length": 0,
            "main_route_table_id": "rtb-0c555175e1ae52b5c",
            "owner_id": "196900110832",
            "region": "us-east-1",
            "tags": {
              "Name": "APCI-Jupiter-default-vpc",
              "application": "Jupiter",
              "contact": "devops@apci.com",
              "creationTime": "2025-08-24T04:00:30Z",
              "environment": "default",
              "project": "APCI"
            },
            "tags_all": {
              "Name": "APCI-Jupiter-default-vpc",
              "application": "Jupiter",
              "contact": "devops@apci.com",
              "creationTime": "2025-08-24T04:00:30Z",
              "environment": "default",
              "project": "APCI"
            }
          },
          "sensitive_attributes": [],
          "identity_schema_version": 0,
          "private": "eyJzY2hlbWFfdmVyc2lvbiI6IjEifQ=="
        }
      ]
    }
  ],
  "check_results": null
}
