{
  "version": 4,
  "terraform_version": "1.12.2",
  "serial": 30,
  "lineage": "6512b662-a4f5-f4ca-77fa-19db994f748f",
  "outputs": {},
  "resources": [
    {
      "module": "module.vpc",
      "mode": "managed",
      "type": "aws_internet_gateway",
      "name": "igw",
      "provider": "provider[\"registry.terraform.io/hashicorp/aws\"]",
      "instances": [
        {
          "schema_version": 0,
          "attributes": {
            "arn": "arn:aws:ec2:us-east-1:196900110832:internet-gateway/igw-0a4cd70d7d0ab51b3",
            "id": "igw-0a4cd70d7d0ab51b3",
            "owner_id": "196900110832",
            "region": "us-east-1",
            "tags": {
              "Name": "APCI-Jupiter-dev-igw",
              "application": "Jupiter",
              "contact": "devops@apci.com",
              "creationTime": "2025-08-30T18:39:06Z",
              "environment": "dev",
              "project": "APCI"
            },
            "tags_all": {
              "Name": "APCI-Jupiter-dev-igw",
              "application": "Jupiter",
              "contact": "devops@apci.com",
              "creationTime": "2025-08-30T18:39:06Z",
              "environment": "dev",
              "project": "APCI"
            },
            "timeouts": null,
            "vpc_id": "vpc-0591fda3242b0bce2"
          },
          "sensitive_attributes": [],
          "identity_schema_version": 0,
          "private": "eyJlMmJmYjczMC1lY2FhLTExZTYtOGY4OC0zNDM2M2JjN2M0YzAiOnsiY3JlYXRlIjoxMjAwMDAwMDAwMDAwLCJkZWxldGUiOjEyMDAwMDAwMDAwMDAsInVwZGF0ZSI6MTIwMDAwMDAwMDAwMH19",
          "dependencies": [
            "module.vpc.aws_vpc.main_vpc"
          ]
        }
      ]
    },
    {
      "module": "module.vpc",
      "mode": "managed",
      "type": "aws_route_table",
      "name": "apci_jupiter_public_rt",
      "provider": "provider[\"registry.terraform.io/hashicorp/aws\"]",
      "instances": [
        {
          "schema_version": 0,
          "attributes": {
            "arn": "arn:aws:ec2:us-east-1:196900110832:route-table/rtb-07700266b85713479",
            "id": "rtb-07700266b85713479",
            "owner_id": "196900110832",
            "propagating_vgws": [],
            "region": "us-east-1",
            "route": [
              {
                "carrier_gateway_id": "",
                "cidr_block": "0.0.0.0/0",
                "core_network_arn": "",
                "destination_prefix_list_id": "",
                "egress_only_gateway_id": "",
                "gateway_id": "igw-0a4cd70d7d0ab51b3",
                "ipv6_cidr_block": "",
                "local_gateway_id": "",
                "nat_gateway_id": "",
                "network_interface_id": "",
                "transit_gateway_id": "",
                "vpc_endpoint_id": "",
                "vpc_peering_connection_id": ""
              }
            ],
            "tags": {
              "Name": "APCI-Jupiter-dev-public-rt",
              "application": "Jupiter",
              "contact": "devops@apci.com",
              "creationTime": "2025-08-30T18:39:06Z",
              "environment": "dev",
              "project": "APCI"
            },
            "tags_all": {
              "Name": "APCI-Jupiter-dev-public-rt",
              "application": "Jupiter",
              "contact": "devops@apci.com",
              "creationTime": "2025-08-30T18:39:06Z",
              "environment": "dev",
              "project": "APCI"
            },
            "timeouts": null,
            "vpc_id": "vpc-0591fda3242b0bce2"
          },
          "sensitive_attributes": [],
          "identity_schema_version": 0,
          "private": "eyJlMmJmYjczMC1lY2FhLTExZTYtOGY4OC0zNDM2M2JjN2M0YzAiOnsiY3JlYXRlIjozMDAwMDAwMDAwMDAsImRlbGV0ZSI6MzAwMDAwMDAwMDAwLCJ1cGRhdGUiOjEyMDAwMDAwMDAwMH19",
          "dependencies": [
            "module.vpc.aws_internet_gateway.igw",
            "module.vpc.aws_vpc.main_vpc"
          ]
        }
      ]
    },
    {
      "module": "module.vpc",
      "mode": "managed",
      "type": "aws_route_table_association",
      "name": "public_subnet_AZ_1a",
      "provider": "provider[\"registry.terraform.io/hashicorp/aws\"]",
      "instances": [
        {
          "schema_version": 0,
          "attributes": {
            "gateway_id": "",
            "id": "rtbassoc-0baf0fd17a62bfba4",
            "region": "us-east-1",
            "route_table_id": "rtb-07700266b85713479",
            "subnet_id": "subnet-044d3f9a641a2bf3b",
            "timeouts": null
          },
          "sensitive_attributes": [],
          "identity_schema_version": 0,
          "private": "eyJlMmJmYjczMC1lY2FhLTExZTYtOGY4OC0zNDM2M2JjN2M0YzAiOnsiY3JlYXRlIjozMDAwMDAwMDAwMDAsImRlbGV0ZSI6MzAwMDAwMDAwMDAwLCJ1cGRhdGUiOjEyMDAwMDAwMDAwMH19",
          "dependencies": [
            "module.vpc.aws_internet_gateway.igw",
            "module.vpc.aws_route_table.apci_jupiter_public_rt",
            "module.vpc.aws_subnet.apci_jupiter_public_subnet_AZ_1a",
            "module.vpc.aws_vpc.main_vpc"
          ]
        }
      ]
    },
    {
      "module": "module.vpc",
      "mode": "managed",
      "type": "aws_route_table_association",
      "name": "public_subnet_AZ_1b",
      "provider": "provider[\"registry.terraform.io/hashicorp/aws\"]",
      "instances": [
        {
          "schema_version": 0,
          "attributes": {
            "gateway_id": "",
            "id": "rtbassoc-0e158366af6a19d6e",
            "region": "us-east-1",
            "route_table_id": "rtb-07700266b85713479",
            "subnet_id": "subnet-0e5ac45466d6c4c96",
            "timeouts": null
          },
          "sensitive_attributes": [],
          "identity_schema_version": 0,
          "private": "eyJlMmJmYjczMC1lY2FhLTExZTYtOGY4OC0zNDM2M2JjN2M0YzAiOnsiY3JlYXRlIjozMDAwMDAwMDAwMDAsImRlbGV0ZSI6MzAwMDAwMDAwMDAwLCJ1cGRhdGUiOjEyMDAwMDAwMDAwMH19",
          "dependencies": [
            "module.vpc.aws_internet_gateway.igw",
            "module.vpc.aws_route_table.apci_jupiter_public_rt",
            "module.vpc.aws_subnet.apci_jupiter_public_subnet_AZ_1b",
            "module.vpc.aws_vpc.main_vpc"
          ]
        }
      ]
    },
    {
      "module": "module.vpc",
      "mode": "managed",
      "type": "aws_subnet",
      "name": "apci_jupiter_db_subnet_AZ_1a",
      "provider": "provider[\"registry.terraform.io/hashicorp/aws\"]",
      "instances": [
        {
          "schema_version": 1,
          "attributes": {
            "arn": "arn:aws:ec2:us-east-1:196900110832:subnet/subnet-05aa84d31a10bf0c6",
            "assign_ipv6_address_on_creation": false,
            "availability_zone": "us-east-1a",
            "availability_zone_id": "use1-az2",
            "cidr_block": "10.0.4.0/24",
            "customer_owned_ipv4_pool": "",
            "enable_dns64": false,
            "enable_lni_at_device_index": 0,
            "enable_resource_name_dns_a_record_on_launch": false,
            "enable_resource_name_dns_aaaa_record_on_launch": false,
            "id": "subnet-05aa84d31a10bf0c6",
            "ipv6_cidr_block": "",
            "ipv6_cidr_block_association_id": "",
            "ipv6_native": false,
            "map_customer_owned_ip_on_launch": false,
            "map_public_ip_on_launch": false,
            "outpost_arn": "",
            "owner_id": "196900110832",
            "private_dns_hostname_type_on_launch": "ip-name",
            "region": "us-east-1",
            "tags": {
              "Name": "APCI-Jupiter-dev-private-database-subnet-az-1a",
              "application": "Jupiter",
              "contact": "devops@apci.com",
              "creationTime": "2025-08-30T18:39:06Z",
              "environment": "dev",
              "project": "APCI"
            },
            "tags_all": {
              "Name": "APCI-Jupiter-dev-private-database-subnet-az-1a",
              "application": "Jupiter",
              "contact": "devops@apci.com",
              "creationTime": "2025-08-30T18:39:06Z",
              "environment": "dev",
              "project": "APCI"
            },
            "timeouts": null,
            "vpc_id": "vpc-0591fda3242b0bce2"
          },
          "sensitive_attributes": [],
          "identity_schema_version": 0,
          "identity": {
            "account_id": "196900110832",
            "id": "subnet-05aa84d31a10bf0c6",
            "region": "us-east-1"
          },
          "private": "eyJlMmJmYjczMC1lY2FhLTExZTYtOGY4OC0zNDM2M2JjN2M0YzAiOnsiY3JlYXRlIjo2MDAwMDAwMDAwMDAsImRlbGV0ZSI6MTIwMDAwMDAwMDAwMH0sInNjaGVtYV92ZXJzaW9uIjoiMSJ9",
          "dependencies": [
            "module.vpc.aws_vpc.main_vpc"
          ]
        }
      ]
    },
    {
      "module": "module.vpc",
      "mode": "managed",
      "type": "aws_subnet",
      "name": "apci_jupiter_db_subnet_AZ_1b",
      "provider": "provider[\"registry.terraform.io/hashicorp/aws\"]",
      "instances": [
        {
          "schema_version": 1,
          "attributes": {
            "arn": "arn:aws:ec2:us-east-1:196900110832:subnet/subnet-0cc4a98c80f167cd6",
            "assign_ipv6_address_on_creation": false,
            "availability_zone": "us-east-1b",
            "availability_zone_id": "use1-az4",
            "cidr_block": "10.0.5.0/24",
            "customer_owned_ipv4_pool": "",
            "enable_dns64": false,
            "enable_lni_at_device_index": 0,
            "enable_resource_name_dns_a_record_on_launch": false,
            "enable_resource_name_dns_aaaa_record_on_launch": false,
            "id": "subnet-0cc4a98c80f167cd6",
            "ipv6_cidr_block": "",
            "ipv6_cidr_block_association_id": "",
            "ipv6_native": false,
            "map_customer_owned_ip_on_launch": false,
            "map_public_ip_on_launch": false,
            "outpost_arn": "",
            "owner_id": "196900110832",
            "private_dns_hostname_type_on_launch": "ip-name",
            "region": "us-east-1",
            "tags": {
              "Name": "APCI-Jupiter-dev-private-database-subnet-az-1b",
              "application": "Jupiter",
              "contact": "devops@apci.com",
              "creationTime": "2025-08-30T18:39:06Z",
              "environment": "dev",
              "project": "APCI"
            },
            "tags_all": {
              "Name": "APCI-Jupiter-dev-private-database-subnet-az-1b",
              "application": "Jupiter",
              "contact": "devops@apci.com",
              "creationTime": "2025-08-30T18:39:06Z",
              "environment": "dev",
              "project": "APCI"
            },
            "timeouts": null,
            "vpc_id": "vpc-0591fda3242b0bce2"
          },
          "sensitive_attributes": [],
          "identity_schema_version": 0,
          "identity": {
            "account_id": "196900110832",
            "id": "subnet-0cc4a98c80f167cd6",
            "region": "us-east-1"
          },
          "private": "eyJlMmJmYjczMC1lY2FhLTExZTYtOGY4OC0zNDM2M2JjN2M0YzAiOnsiY3JlYXRlIjo2MDAwMDAwMDAwMDAsImRlbGV0ZSI6MTIwMDAwMDAwMDAwMH0sInNjaGVtYV92ZXJzaW9uIjoiMSJ9",
          "dependencies": [
            "module.vpc.aws_vpc.main_vpc"
          ]
        }
      ]
    },
    {
      "module": "module.vpc",
      "mode": "managed",
      "type": "aws_subnet",
      "name": "apci_jupiter_private_subnet_AZ_1a",
      "provider": "provider[\"registry.terraform.io/hashicorp/aws\"]",
      "instances": [
        {
          "schema_version": 1,
          "attributes": {
            "arn": "arn:aws:ec2:us-east-1:196900110832:subnet/subnet-0c2963c375ffd2b95",
            "assign_ipv6_address_on_creation": false,
            "availability_zone": "us-east-1a",
            "availability_zone_id": "use1-az2",
            "cidr_block": "10.0.2.0/24",
            "customer_owned_ipv4_pool": "",
            "enable_dns64": false,
            "enable_lni_at_device_index": 0,
            "enable_resource_name_dns_a_record_on_launch": false,
            "enable_resource_name_dns_aaaa_record_on_launch": false,
            "id": "subnet-0c2963c375ffd2b95",
            "ipv6_cidr_block": "",
            "ipv6_cidr_block_association_id": "",
            "ipv6_native": false,
            "map_customer_owned_ip_on_launch": false,
            "map_public_ip_on_launch": false,
            "outpost_arn": "",
            "owner_id": "196900110832",
            "private_dns_hostname_type_on_launch": "ip-name",
            "region": "us-east-1",
            "tags": {
              "Name": "APCI-Jupiter-dev-private-subnet-az-1a",
              "application": "Jupiter",
              "contact": "devops@apci.com",
              "creationTime": "2025-08-30T18:39:06Z",
              "environment": "dev",
              "project": "APCI"
            },
            "tags_all": {
              "Name": "APCI-Jupiter-dev-private-subnet-az-1a",
              "application": "Jupiter",
              "contact": "devops@apci.com",
              "creationTime": "2025-08-30T18:39:06Z",
              "environment": "dev",
              "project": "APCI"
            },
            "timeouts": null,
            "vpc_id": "vpc-0591fda3242b0bce2"
          },
          "sensitive_attributes": [],
          "identity_schema_version": 0,
          "identity": {
            "account_id": "196900110832",
            "id": "subnet-0c2963c375ffd2b95",
            "region": "us-east-1"
          },
          "private": "eyJlMmJmYjczMC1lY2FhLTExZTYtOGY4OC0zNDM2M2JjN2M0YzAiOnsiY3JlYXRlIjo2MDAwMDAwMDAwMDAsImRlbGV0ZSI6MTIwMDAwMDAwMDAwMH0sInNjaGVtYV92ZXJzaW9uIjoiMSJ9",
          "dependencies": [
            "module.vpc.aws_vpc.main_vpc"
          ]
        }
      ]
    },
    {
      "module": "module.vpc",
      "mode": "managed",
      "type": "aws_subnet",
      "name": "apci_jupiter_private_subnet_AZ_1b",
      "provider": "provider[\"registry.terraform.io/hashicorp/aws\"]",
      "instances": [
        {
          "schema_version": 1,
          "attributes": {
            "arn": "arn:aws:ec2:us-east-1:196900110832:subnet/subnet-03141f86b93850f4c",
            "assign_ipv6_address_on_creation": false,
            "availability_zone": "us-east-1b",
            "availability_zone_id": "use1-az4",
            "cidr_block": "10.0.3.0/24",
            "customer_owned_ipv4_pool": "",
            "enable_dns64": false,
            "enable_lni_at_device_index": 0,
            "enable_resource_name_dns_a_record_on_launch": false,
            "enable_resource_name_dns_aaaa_record_on_launch": false,
            "id": "subnet-03141f86b93850f4c",
            "ipv6_cidr_block": "",
            "ipv6_cidr_block_association_id": "",
            "ipv6_native": false,
            "map_customer_owned_ip_on_launch": false,
            "map_public_ip_on_launch": false,
            "outpost_arn": "",
            "owner_id": "196900110832",
            "private_dns_hostname_type_on_launch": "ip-name",
            "region": "us-east-1",
            "tags": {
              "Name": "APCI-Jupiter-dev-private-subnet-az-1b",
              "application": "Jupiter",
              "contact": "devops@apci.com",
              "creationTime": "2025-08-30T18:39:06Z",
              "environment": "dev",
              "project": "APCI"
            },
            "tags_all": {
              "Name": "APCI-Jupiter-dev-private-subnet-az-1b",
              "application": "Jupiter",
              "contact": "devops@apci.com",
              "creationTime": "2025-08-30T18:39:06Z",
              "environment": "dev",
              "project": "APCI"
            },
            "timeouts": null,
            "vpc_id": "vpc-0591fda3242b0bce2"
          },
          "sensitive_attributes": [],
          "identity_schema_version": 0,
          "identity": {
            "account_id": "196900110832",
            "id": "subnet-03141f86b93850f4c",
            "region": "us-east-1"
          },
          "private": "eyJlMmJmYjczMC1lY2FhLTExZTYtOGY4OC0zNDM2M2JjN2M0YzAiOnsiY3JlYXRlIjo2MDAwMDAwMDAwMDAsImRlbGV0ZSI6MTIwMDAwMDAwMDAwMH0sInNjaGVtYV92ZXJzaW9uIjoiMSJ9",
          "dependencies": [
            "module.vpc.aws_vpc.main_vpc"
          ]
        }
      ]
    },
    {
      "module": "module.vpc",
      "mode": "managed",
      "type": "aws_subnet",
      "name": "apci_jupiter_public_subnet_AZ_1a",
      "provider": "provider[\"registry.terraform.io/hashicorp/aws\"]",
      "instances": [
        {
          "schema_version": 1,
          "attributes": {
            "arn": "arn:aws:ec2:us-east-1:196900110832:subnet/subnet-044d3f9a641a2bf3b",
            "assign_ipv6_address_on_creation": false,
            "availability_zone": "us-east-1a",
            "availability_zone_id": "use1-az2",
            "cidr_block": "10.0.0.0/24",
            "customer_owned_ipv4_pool": "",
            "enable_dns64": false,
            "enable_lni_at_device_index": 0,
            "enable_resource_name_dns_a_record_on_launch": false,
            "enable_resource_name_dns_aaaa_record_on_launch": false,
            "id": "subnet-044d3f9a641a2bf3b",
            "ipv6_cidr_block": "",
            "ipv6_cidr_block_association_id": "",
            "ipv6_native": false,
            "map_customer_owned_ip_on_launch": false,
            "map_public_ip_on_launch": false,
            "outpost_arn": "",
            "owner_id": "196900110832",
            "private_dns_hostname_type_on_launch": "ip-name",
            "region": "us-east-1",
            "tags": {
              "Name": "APCI-Jupiter-dev-public-subnet-az-1a",
              "application": "Jupiter",
              "contact": "devops@apci.com",
              "creationTime": "2025-08-30T18:39:06Z",
              "environment": "dev",
              "project": "APCI"
            },
            "tags_all": {
              "Name": "APCI-Jupiter-dev-public-subnet-az-1a",
              "application": "Jupiter",
              "contact": "devops@apci.com",
              "creationTime": "2025-08-30T18:39:06Z",
              "environment": "dev",
              "project": "APCI"
            },
            "timeouts": null,
            "vpc_id": "vpc-0591fda3242b0bce2"
          },
          "sensitive_attributes": [],
          "identity_schema_version": 0,
          "identity": {
            "account_id": "196900110832",
            "id": "subnet-044d3f9a641a2bf3b",
            "region": "us-east-1"
          },
          "private": "eyJlMmJmYjczMC1lY2FhLTExZTYtOGY4OC0zNDM2M2JjN2M0YzAiOnsiY3JlYXRlIjo2MDAwMDAwMDAwMDAsImRlbGV0ZSI6MTIwMDAwMDAwMDAwMH0sInNjaGVtYV92ZXJzaW9uIjoiMSJ9",
          "dependencies": [
            "module.vpc.aws_vpc.main_vpc"
          ]
        }
      ]
    },
    {
      "module": "module.vpc",
      "mode": "managed",
      "type": "aws_subnet",
      "name": "apci_jupiter_public_subnet_AZ_1b",
      "provider": "provider[\"registry.terraform.io/hashicorp/aws\"]",
      "instances": [
        {
          "schema_version": 1,
          "attributes": {
            "arn": "arn:aws:ec2:us-east-1:196900110832:subnet/subnet-0e5ac45466d6c4c96",
            "assign_ipv6_address_on_creation": false,
            "availability_zone": "us-east-1b",
            "availability_zone_id": "use1-az4",
            "cidr_block": "10.0.1.0/24",
            "customer_owned_ipv4_pool": "",
            "enable_dns64": false,
            "enable_lni_at_device_index": 0,
            "enable_resource_name_dns_a_record_on_launch": false,
            "enable_resource_name_dns_aaaa_record_on_launch": false,
            "id": "subnet-0e5ac45466d6c4c96",
            "ipv6_cidr_block": "",
            "ipv6_cidr_block_association_id": "",
            "ipv6_native": false,
            "map_customer_owned_ip_on_launch": false,
            "map_public_ip_on_launch": false,
            "outpost_arn": "",
            "owner_id": "196900110832",
            "private_dns_hostname_type_on_launch": "ip-name",
            "region": "us-east-1",
            "tags": {
              "Name": "APCI-Jupiter-dev-public-subnet-az-1b",
              "application": "Jupiter",
              "contact": "devops@apci.com",
              "creationTime": "2025-08-30T18:39:06Z",
              "environment": "dev",
              "project": "APCI"
            },
            "tags_all": {
              "Name": "APCI-Jupiter-dev-public-subnet-az-1b",
              "application": "Jupiter",
              "contact": "devops@apci.com",
              "creationTime": "2025-08-30T18:39:06Z",
              "environment": "dev",
              "project": "APCI"
            },
            "timeouts": null,
            "vpc_id": "vpc-0591fda3242b0bce2"
          },
          "sensitive_attributes": [],
          "identity_schema_version": 0,
          "identity": {
            "account_id": "196900110832",
            "id": "subnet-0e5ac45466d6c4c96",
            "region": "us-east-1"
          },
          "private": "eyJlMmJmYjczMC1lY2FhLTExZTYtOGY4OC0zNDM2M2JjN2M0YzAiOnsiY3JlYXRlIjo2MDAwMDAwMDAwMDAsImRlbGV0ZSI6MTIwMDAwMDAwMDAwMH0sInNjaGVtYV92ZXJzaW9uIjoiMSJ9",
          "dependencies": [
            "module.vpc.aws_vpc.main_vpc"
          ]
        }
      ]
    },
    {
      "module": "module.vpc",
      "mode": "managed",
      "type": "aws_vpc",
      "name": "main_vpc",
      "provider": "provider[\"registry.terraform.io/hashicorp/aws\"]",
      "instances": [
        {
          "schema_version": 1,
          "attributes": {
            "arn": "arn:aws:ec2:us-east-1:196900110832:vpc/vpc-0591fda3242b0bce2",
            "assign_generated_ipv6_cidr_block": false,
            "cidr_block": "10.0.0.0/16",
            "default_network_acl_id": "acl-06a084e5aefef1090",
            "default_route_table_id": "rtb-05134712128219d36",
            "default_security_group_id": "sg-0a77e04fcae7276d7",
            "dhcp_options_id": "dopt-0a8676ab1e95cf7d4",
            "enable_dns_hostnames": false,
            "enable_dns_support": true,
            "enable_network_address_usage_metrics": false,
            "id": "vpc-0591fda3242b0bce2",
            "instance_tenancy": "default",
            "ipv4_ipam_pool_id": null,
            "ipv4_netmask_length": null,
            "ipv6_association_id": "",
            "ipv6_cidr_block": "",
            "ipv6_cidr_block_network_border_group": "",
            "ipv6_ipam_pool_id": "",
            "ipv6_netmask_length": 0,
            "main_route_table_id": "rtb-05134712128219d36",
            "owner_id": "196900110832",
            "region": "us-east-1",
            "tags": {
              "Name": "APCI-Jupiter-dev-vpc",
              "application": "Jupiter",
              "contact": "devops@apci.com",
              "creationTime": "2025-08-30T18:39:06Z",
              "environment": "dev",
              "project": "APCI"
            },
            "tags_all": {
              "Name": "APCI-Jupiter-dev-vpc",
              "application": "Jupiter",
              "contact": "devops@apci.com",
              "creationTime": "2025-08-30T18:39:06Z",
              "environment": "dev",
              "project": "APCI"
            }
          },
          "sensitive_attributes": [],
          "identity_schema_version": 0,
          "private": "eyJzY2hlbWFfdmVyc2lvbiI6IjEifQ=="
        }
      ]
    }
  ],
  "check_results": null
}
